
Microsoft Visual Studio Solution File, Format Version 12.00
# Visual Studio 2012
Project("{FAE04EC0-301F-11D3-BF4B-00C04F79EFBC}") = "NICS_Server", "NICS_Server\NICS_Server.csproj", "{8B660E76-D527-45E7-A4B4-2A3D3A56D575}"
EndProject
Project("{FAE04EC0-301F-11D3-BF4B-00C04F79EFBC}") = "BLL", "BLL\BLL.csproj", "{BD6DFAAD-ECC0-43F9-BD40-B71EEA19C16A}"
EndProject
Project("{FAE04EC0-301F-11D3-BF4B-00C04F79EFBC}") = "Common", "Common\Common.csproj", "{E972A6C2-5833-4EB0-9535-15526E7549CF}"
EndProject
Project("{FAE04EC0-301F-11D3-BF4B-00C04F79EFBC}") = "DAL", "DAL\DAL.csproj", "{6A76FC2B-689B-4D4C-BA06-749EF4DDBC34}"
EndProject
Project("{FAE04EC0-301F-11D3-BF4B-00C04F79EFBC}") = "DBUtility", "DBUtility\DBUtility.csproj", "{6CA72C9F-C0F3-4444-B692-FF8BC31E0754}"
EndProject
Project("{FAE04EC0-301F-11D3-BF4B-00C04F79EFBC}") = "Model", "Model\Model.csproj", "{F93B8911-90A9-4696-9A93-EE5BA621D6FF}"
EndProject
Project("{FAE04EC0-301F-11D3-BF4B-00C04F79EFBC}") = "SuperSocketServer", "SuperSocketServer\SuperSocketServer.csproj", "{969A481E-00C7-4C0C-B5DD-C69D0ACC154C}"
EndProject
Project("{FAE04EC0-301F-11D3-BF4B-00C04F79EFBC}") = "EF_DB_First", "EF_DB_First\EF_DB_First.csproj", "{5A76BB8F-6D3B-4E92-A97D-268D77B69FCE}"
EndProject
Project("{FAE04EC0-301F-11D3-BF4B-00C04F79EFBC}") = "RestFulService", "RestFulService\RestFulService.csproj", "{1AB92FFC-4109-4438-8837-500C40C34A4F}"
EndProject
Global
	GlobalSection(SolutionConfigurationPlatforms) = preSolution
		Debug|Any CPU = Debug|Any CPU
		Release|Any CPU = Release|Any CPU
	EndGlobalSection
	GlobalSection(ProjectConfigurationPlatforms) = postSolution
		{8B660E76-D527-45E7-A4B4-2A3D3A56D575}.Debug|Any CPU.ActiveCfg = Debug|Any CPU
		{8B660E76-D527-45E7-A4B4-2A3D3A56D575}.Debug|Any CPU.Build.0 = Debug|Any CPU
		{8B660E76-D527-45E7-A4B4-2A3D3A56D575}.Release|Any CPU.ActiveCfg = Release|Any CPU
		{8B660E76-D527-45E7-A4B4-2A3D3A56D575}.Release|Any CPU.Build.0 = Release|Any CPU
		{BD6DFAAD-ECC0-43F9-BD40-B71EEA19C16A}.Debug|Any CPU.ActiveCfg = Debug|Any CPU
		{BD6DFAAD-ECC0-43F9-BD40-B71EEA19C16A}.Debug|Any CPU.Build.0 = Debug|Any CPU
		{BD6DFAAD-ECC0-43F9-BD40-B71EEA19C16A}.Release|Any CPU.ActiveCfg = Release|Any CPU
		{BD6DFAAD-ECC0-43F9-BD40-B71EEA19C16A}.Release|Any CPU.Build.0 = Release|Any CPU
		{E972A6C2-5833-4EB0-9535-15526E7549CF}.Debug|Any CPU.ActiveCfg = Debug|Any CPU
		{E972A6C2-5833-4EB0-9535-15526E7549CF}.Debug|Any CPU.Build.0 = Debug|Any CPU
		{E972A6C2-5833-4EB0-9535-15526E7549CF}.Release|Any CPU.ActiveCfg = Release|Any CPU
		{E972A6C2-5833-4EB0-9535-15526E7549CF}.Release|Any CPU.Build.0 = Release|Any CPU
		{6A76FC2B-689B-4D4C-BA06-749EF4DDBC34}.Debug|Any CPU.ActiveCfg = Debug|Any CPU
		{6A76FC2B-689B-4D4C-BA06-749EF4DDBC34}.Debug|Any CPU.Build.0 = Debug|Any CPU
		{6A76FC2B-689B-4D4C-BA06-749EF4DDBC34}.Release|Any CPU.ActiveCfg = Release|Any CPU
		{6A76FC2B-689B-4D4C-BA06-749EF4DDBC34}.Release|Any CPU.Build.0 = Release|Any CPU
		{6CA72C9F-C0F3-4444-B692-FF8BC31E0754}.Debug|Any CPU.ActiveCfg = Debug|Any CPU
		{6CA72C9F-C0F3-4444-B692-FF8BC31E0754}.Debug|Any CPU.Build.0 = Debug|Any CPU
		{6CA72C9F-C0F3-4444-B692-FF8BC31E0754}.Release|Any CPU.ActiveCfg = Release|Any CPU
		{6CA72C9F-C0F3-4444-B692-FF8BC31E0754}.Release|Any CPU.Build.0 = Release|Any CPU
		{F93B8911-90A9-4696-9A93-EE5BA621D6FF}.Debug|Any CPU.ActiveCfg = Debug|Any CPU
		{F93B8911-90A9-4696-9A93-EE5BA621D6FF}.Debug|Any CPU.Build.0 = Debug|Any CPU
		{F93B8911-90A9-4696-9A93-EE5BA621D6FF}.Release|Any CPU.ActiveCfg = Release|Any CPU
		{F93B8911-90A9-4696-9A93-EE5BA621D6FF}.Release|Any CPU.Build.0 = Release|Any CPU
		{969A481E-00C7-4C0C-B5DD-C69D0ACC154C}.Debug|Any CPU.ActiveCfg = Debug|Any CPU
		{969A481E-00C7-4C0C-B5DD-C69D0ACC154C}.Debug|Any CPU.Build.0 = Debug|Any CPU
		{969A481E-00C7-4C0C-B5DD-C69D0ACC154C}.Release|Any CPU.ActiveCfg = Release|Any CPU
		{969A481E-00C7-4C0C-B5DD-C69D0ACC154C}.Release|Any CPU.Build.0 = Release|Any CPU
		{5A76BB8F-6D3B-4E92-A97D-268D77B69FCE}.Debug|Any CPU.ActiveCfg = Debug|Any CPU
		{5A76BB8F-6D3B-4E92-A97D-268D77B69FCE}.Debug|Any CPU.Build.0 = Debug|Any CPU
		{5A76BB8F-6D3B-4E92-A97D-268D77B69FCE}.Release|Any CPU.ActiveCfg = Release|Any CPU
		{5A76BB8F-6D3B-4E92-A97D-268D77B69FCE}.Release|Any CPU.Build.0 = Release|Any CPU
		{1AB92FFC-4109-4438-8837-500C40C34A4F}.Debug|Any CPU.ActiveCfg = Debug|Any CPU
		{1AB92FFC-4109-4438-8837-500C40C34A4F}.Debug|Any CPU.Build.0 = Debug|Any CPU
		{1AB92FFC-4109-4438-8837-500C40C34A4F}.Release|Any CPU.ActiveCfg = Release|Any CPU
		{1AB92FFC-4109-4438-8837-500C40C34A4F}.Release|Any CPU.Build.0 = Release|Any CPU
	EndGlobalSection
	GlobalSection(SolutionProperties) = preSolution
		HideSolutionNode = FALSE
	EndGlobalSection
EndGlobal
